// !$*UTF8*$!
{
	archiveVersion = 1;
	classes = {
	};
	objectVersion = 46;
	objects = {

/* Begin PBXBuildFile section */
		1F108A7E1FD5198B008D7E25 /* AppDelegate.m in Sources */ = {isa = PBXBuildFile; fileRef = 1F108A7D1FD5198B008D7E25 /* AppDelegate.m */; };
		1F108A811FD5198B008D7E25 /* main.m in Sources */ = {isa = PBXBuildFile; fileRef = 1F108A801FD5198B008D7E25 /* main.m */; };
		1F108A841FD5198B008D7E25 /* ViewController.mm in Sources */ = {isa = PBXBuildFile; fileRef = 1F108A831FD5198B008D7E25 /* ViewController.mm */; };
		1F108A861FD5198B008D7E25 /* Assets.xcassets in Resources */ = {isa = PBXBuildFile; fileRef = 1F108A851FD5198B008D7E25 /* Assets.xcassets */; };
		1F108A891FD5198B008D7E25 /* Main.storyboard in Resources */ = {isa = PBXBuildFile; fileRef = 1F108A871FD5198B008D7E25 /* Main.storyboard */; };
		1F108A921FD519B4008D7E25 /* OpenGL.framework in Frameworks */ = {isa = PBXBuildFile; fileRef = 1F108A911FD519B4008D7E25 /* OpenGL.framework */; };
		1F108A951FD51AC4008D7E25 /* 10.1.instancing.fs in Resources */ = {isa = PBXBuildFile; fileRef = 1F108A931FD51AC4008D7E25 /* 10.1.instancing.fs */; };
		1F108A961FD51AC4008D7E25 /* 10.1.instancing.vs in Resources */ = {isa = PBXBuildFile; fileRef = 1F108A941FD51AC4008D7E25 /* 10.1.instancing.vs */; };
/* End PBXBuildFile section */

/* Begin PBXFileReference section */
		1F108A791FD5198B008D7E25 /* 10.1.instancing_quads.app */ = {isa = PBXFileReference; explicitFileType = wrapper.application; includeInIndex = 0; path = 10.1.instancing_quads.app; sourceTree = BUILT_PRODUCTS_DIR; };
		1F108A7C1FD5198B008D7E25 /* AppDelegate.h */ = {isa = PBXFileReference; lastKnownFileType = sourcecode.c.h; path = AppDelegate.h; sourceTree = "<group>"; };
		1F108A7D1FD5198B008D7E25 /* AppDelegate.m */ = {isa = PBXFileReference; lastKnownFileType = sourcecode.c.objc; path = AppDelegate.m; sourceTree = "<group>"; };
		1F108A801FD5198B008D7E25 /* main.m */ = {isa = PBXFileReference; lastKnownFileType = sourcecode.c.objc; path = main.m; sourceTree = "<group>"; };
		1F108A821FD5198B008D7E25 /* ViewController.h */ = {isa = PBXFileReference; lastKnownFileType = sourcecode.c.h; path = ViewController.h; sourceTree = "<group>"; };
		1F108A831FD5198B008D7E25 /* ViewController.mm */ = {isa = PBXFileReference; lastKnownFileType = sourcecode.cpp.objcpp; path = ViewController.mm; sourceTree = "<group>"; };
		1F108A851FD5198B008D7E25 /* Assets.xcassets */ = {isa = PBXFileReference; lastKnownFileType = folder.assetcatalog; path = Assets.xcassets; sourceTree = "<group>"; };
		1F108A881FD5198B008D7E25 /* Base */ = {isa = PBXFileReference; lastKnownFileType = file.storyboard; name = Base; path = Base.lproj/Main.storyboard; sourceTree = "<group>"; };
		1F108A8A1FD5198B008D7E25 /* Info.plist */ = {isa = PBXFileReference; lastKnownFileType = text.plist.xml; path = Info.plist; sourceTree = "<group>"; };
		1F108A911FD519B4008D7E25 /* OpenGL.framework */ = {isa = PBXFileReference; lastKnownFileType = wrapper.framework; name = OpenGL.framework; path = System/Library/Frameworks/OpenGL.framework; sourceTree = SDKROOT; };
		1F108A931FD51AC4008D7E25 /* 10.1.instancing.fs */ = {isa = PBXFileReference; fileEncoding = 4; lastKnownFileType = sourcecode.glsl; name = 10.1.instancing.fs; path = ../../../../crossplatform/LearnOpenGL/src/4.advanced_opengl/10.1.instancing_quads/10.1.instancing.fs; sourceTree = "<group>"; };
		1F108A941FD51AC4008D7E25 /* 10.1.instancing.vs */ = {isa = PBXFileReference; fileEncoding = 4; lastKnownFileType = sourcecode.glsl; name = 10.1.instancing.vs; path = ../../../../crossplatform/LearnOpenGL/src/4.advanced_opengl/10.1.instancing_quads/10.1.instancing.vs; sourceTree = "<group>"; };
/* End PBXFileReference section */

/* Begin PBXFrameworksBuildPhase section */
		1F108A761FD5198B008D7E25 /* Frameworks */ = {
			isa = PBXFrameworksBuildPhase;
			buildActionMask = 2147483647;
			files = (
				1F108A921FD519B4008D7E25 /* OpenGL.framework in Frameworks */,
			);
			runOnlyForDeploymentPostprocessing = 0;
		};
/* End PBXFrameworksBuildPhase section */

/* Begin PBXGroup section */
		1F108A701FD5198B008D7E25 = {
			isa = PBXGroup;
			children = (
				1F108A7B1FD5198B008D7E25 /* 10.1.instancing_quads */,
				1F108A7A1FD5198B008D7E25 /* Products */,
				1F108A901FD519B4008D7E25 /* Frameworks */,
			);
			sourceTree = "<group>";
		};
		1F108A7A1FD5198B008D7E25 /* Products */ = {
			isa = PBXGroup;
			children = (
				1F108A791FD5198B008D7E25 /* 10.1.instancing_quads.app */,
			);
			name = Products;
			sourceTree = "<group>";
		};
		1F108A7B1FD5198B008D7E25 /* 10.1.instancing_quads */ = {
			isa = PBXGroup;
			children = (
				1F108A931FD51AC4008D7E25 /* 10.1.instancing.fs */,
				1F108A941FD51AC4008D7E25 /* 10.1.instancing.vs */,
				1F108A7C1FD5198B008D7E25 /* AppDelegate.h */,
				1F108A7D1FD5198B008D7E25 /* AppDelegate.m */,
				1F108A821FD5198B008D7E25 /* ViewController.h */,
				1F108A831FD5198B008D7E25 /* ViewController.mm */,
				1F108A851FD5198B008D7E25 /* Assets.xcassets */,
				1F108A871FD5198B008D7E25 /* Main.storyboard */,
				1F108A8A1FD5198B008D7E25 /* Info.plist */,
				1F108A7F1FD5198B008D7E25 /* Supporting Files */,
			);
			path = 10.1.instancing_quads;
			sourceTree = "<group>";
		};
		1F108A7F1FD5198B008D7E25 /* Supporting Files */ = {
			isa = PBXGroup;
			children = (
				1F108A801FD5198B008D7E25 /* main.m */,
			);
			name = "Supporting Files";
			sourceTree = "<group>";
		};
		1F108A901FD519B4008D7E25 /* Frameworks */ = {
			isa = PBXGroup;
			children = (
				1F108A911FD519B4008D7E25 /* OpenGL.framework */,
			);
			name = Frameworks;
			sourceTree = "<group>";
		};
/* End PBXGroup section */

/* Begin PBXNativeTarget section */
		1F108A781FD5198B008D7E25 /* 10.1.instancing_quads */ = {
			isa = PBXNativeTarget;
			buildConfigurationList = 1F108A8D1FD5198B008D7E25 /* Build configuration list for PBXNativeTarget "10.1.instancing_quads" */;
			buildPhases = (
				1F108A751FD5198B008D7E25 /* Sources */,
				1F108A761FD5198B008D7E25 /* Frameworks */,
				1F108A771FD5198B008D7E25 /* Resources */,
			);
			buildRules = (
			);
			dependencies = (
			);
			name = 10.1.instancing_quads;
			productName = 10.1.instancing_quads;
			productReference = 1F108A791FD5198B008D7E25 /* 10.1.instancing_quads.app */;
			productType = "com.apple.product-type.application";
		};
/* End PBXNativeTarget section */

/* Begin PBXProject section */
		1F108A711FD5198B008D7E25 /* Project object */ = {
			isa = PBXProject;
			attributes = {
				LastUpgradeCheck = 0830;
				ORGANIZATIONNAME = tolik7071;
				TargetAttributes = {
					1F108A781FD5198B008D7E25 = {
						CreatedOnToolsVersion = 8.3.3;
						ProvisioningStyle = Automatic;
					};
				};
			};
			buildConfigurationList = 1F108A741FD5198B008D7E25 /* Build configuration list for PBXProject "10.1.instancing_quads" */;
			compatibilityVersion = "Xcode 3.2";
			developmentRegion = English;
			hasScannedForEncodings = 0;
			knownRegions = (
				en,
				Base,
			);
			mainGroup = 1F108A701FD5198B008D7E25;
			productRefGroup = 1F108A7A1FD5198B008D7E25 /* Products */;
			projectDirPath = "";
			projectRoot = "";
			targets = (
				1F108A781FD5198B008D7E25 /* 10.1.instancing_quads */,
			);
		};
/* End PBXProject section */

/* Begin PBXResourcesBuildPhase section */
		1F108A771FD5198B008D7E25 /* Resources */ = {
			isa = PBXResourcesBuildPhase;
			buildActionMask = 2147483647;
			files = (
				1F108A951FD51AC4008D7E25 /* 10.1.instancing.fs in Resources */,
				1F108A961FD51AC4008D7E25 /* 10.1.instancing.vs in Resources */,
				1F108A861FD5198B008D7E25 /* Assets.xcassets in Resources */,
				1F108A891FD5198B008D7E25 /* Main.storyboard in Resources */,
			);
			runOnlyForDeploymentPostprocessing = 0;
		};
/* End PBXResourcesBuildPhase section */

/* Begin PBXSourcesBuildPhase section */
		1F108A751FD5198B008D7E25 /* Sources */ = {
			isa = PBXSourcesBuildPhase;
			buildActionMask = 2147483647;
			files = (
				1F108A841FD5198B008D7E25 /* ViewController.mm in Sources */,
				1F108A811FD5198B008D7E25 /* main.m in Sources */,
				1F108A7E1FD5198B008D7E25 /* AppDelegate.m in Sources */,
			);
			runOnlyForDeploymentPostprocessing = 0;
		};
/* End PBXSourcesBuildPhase section */

/* Begin PBXVariantGroup section */
		1F108A871FD5198B008D7E25 /* Main.storyboard */ = {
			isa = PBXVariantGroup;
			children = (
				1F108A881FD5198B008D7E25 /* Base */,
			);
			name = Main.storyboard;
			sourceTree = "<group>";
		};
/* End PBXVariantGroup section */

/* Begin XCBuildConfiguration section */
		1F108A8B1FD5198B008D7E25 /* Debug */ = {
			isa = XCBuildConfiguration;
			buildSettings = {
				ALWAYS_SEARCH_USER_PATHS = NO;
				CLANG_ANALYZER_NONNULL = YES;
				CLANG_ANALYZER_NUMBER_OBJECT_CONVERSION = YES_AGGRESSIVE;
				CLANG_CXX_LANGUAGE_STANDARD = "gnu++0x";
				CLANG_CXX_LIBRARY = "libc++";
				CLANG_ENABLE_MODULES = YES;
				CLANG_ENABLE_OBJC_ARC = YES;
				CLANG_WARN_BOOL_CONVERSION = YES;
				CLANG_WARN_CONSTANT_CONVERSION = YES;
				CLANG_WARN_DIRECT_OBJC_ISA_USAGE = YES_ERROR;
				CLANG_WARN_DOCUMENTATION_COMMENTS = YES;
				CLANG_WARN_EMPTY_BODY = YES;
				CLANG_WARN_ENUM_CONVERSION = YES;
				CLANG_WARN_INFINITE_RECURSION = YES;
				CLANG_WARN_INT_CONVERSION = YES;
				CLANG_WARN_OBJC_ROOT_CLASS = YES_ERROR;
				CLANG_WARN_SUSPICIOUS_MOVE = YES;
				CLANG_WARN_UNREACHABLE_CODE = YES;
				CLANG_WARN__DUPLICATE_METHOD_MATCH = YES;
				CODE_SIGN_IDENTITY = "-";
				COMMON_SDK_PATH = /Users/Shared/projects/SDKs;
				COPY_PHASE_STRIP = NO;
				DEBUG_INFORMATION_FORMAT = dwarf;
				ENABLE_STRICT_OBJC_MSGSEND = YES;
				ENABLE_TESTABILITY = YES;
				GCC_C_LANGUAGE_STANDARD = gnu99;
				GCC_DYNAMIC_NO_PIC = NO;
				GCC_NO_COMMON_BLOCKS = YES;
				GCC_OPTIMIZATION_LEVEL = 0;
				GCC_PREPROCESSOR_DEFINITIONS = (
					"DEBUG=1",
					"$(inherited)",
				);
				GCC_WARN_64_TO_32_BIT_CONVERSION = YES;
				GCC_WARN_ABOUT_RETURN_TYPE = YES_ERROR;
				GCC_WARN_UNDECLARED_SELECTOR = YES;
				GCC_WARN_UNINITIALIZED_AUTOS = YES_AGGRESSIVE;
				GCC_WARN_UNUSED_FUNCTION = YES;
				GCC_WARN_UNUSED_VARIABLE = YES;
				HEADER_SEARCH_PATHS = (
					"$(COMMON_SDK_PATH)/LearnOpenGL/includes",
					"$(COMMON_SDK_PATH)/stb_image/stb_image_lib/include",
					"$(COMMON_SDK_PATH)/glm",
					/usr/local/Cellar/assimp/4.0.1/include,
				);
				LIBRARY_SEARCH_PATHS = /usr/local/Cellar/assimp/4.0.1/lib;
				MACOSX_DEPLOYMENT_TARGET = 10.12;
				MTL_ENABLE_DEBUG_INFO = YES;
				ONLY_ACTIVE_ARCH = YES;
				SDKROOT = macosx;
			};
			name = Debug;
		};
		1F108A8C1FD5198B008D7E25 /* Release */ = {
			isa = XCBuildConfiguration;
			buildSettings = {
				ALWAYS_SEARCH_USER_PATHS = NO;
				CLANG_ANALYZER_NONNULL = YES;
				CLANG_ANALYZER_NUMBER_OBJECT_CONVERSION = YES_AGGRESSIVE;
				CLANG_CXX_LANGUAGE_STANDARD = "gnu++0x";
				CLANG_CXX_LIBRARY = "libc++";
				CLANG_ENABLE_MODULES = YES;
				CLANG_ENABLE_OBJC_ARC = YES;
				CLANG_WARN_BOOL_CONVERSION = YES;
				CLANG_WARN_CONSTANT_CONVERSION = YES;
				CLANG_WARN_DIRECT_OBJC_ISA_USAGE = YES_ERROR;
				CLANG_WARN_DOCUMENTATION_COMMENTS = YES;
				CLANG_WARN_EMPTY_BODY = YES;
				CLANG_WARN_ENUM_CONVERSION = YES;
				CLANG_WARN_INFINITE_RECURSION = YES;
				CLANG_WARN_INT_CONVERSION = YES;
				CLANG_WARN_OBJC_ROOT_CLASS = YES_ERROR;
				CLANG_WARN_SUSPICIOUS_MOVE = YES;
				CLANG_WARN_UNREACHABLE_CODE = YES;
				CLANG_WARN__DUPLICATE_METHOD_MATCH = YES;
				CODE_SIGN_IDENTITY = "-";
				COMMON_SDK_PATH = /Users/Shared/projects/SDKs;
				COPY_PHASE_STRIP = NO;
				DEBUG_INFORMATION_FORMAT = "dwarf-with-dsym";
				ENABLE_NS_ASSERTIONS = NO;
				ENABLE_STRICT_OBJC_MSGSEND = YES;
				GCC_C_LANGUAGE_STANDARD = gnu99;
				GCC_NO_COMMON_BLOCKS = YES;
				GCC_WARN_64_TO_32_BIT_CONVERSION = YES;
				GCC_WARN_ABOUT_RETURN_TYPE = YES_ERROR;
				GCC_WARN_UNDECLARED_SELECTOR = YES;
				GCC_WARN_UNINITIALIZED_AUTOS = YES_AGGRESSIVE;
				GCC_WARN_UNUSED_FUNCTION = YES;
				GCC_WARN_UNUSED_VARIABLE = YES;
				HEADER_SEARCH_PATHS = (
					"$(COMMON_SDK_PATH)/LearnOpenGL/includes",
					"$(COMMON_SDK_PATH)/stb_image/stb_image_lib/include",
					"$(COMMON_SDK_PATH)/glm",
					/usr/local/Cellar/assimp/4.0.1/include,
				);
				LIBRARY_SEARCH_PATHS = /usr/local/Cellar/assimp/4.0.1/lib;
				MACOSX_DEPLOYMENT_TARGET = 10.12;
				MTL_ENABLE_DEBUG_INFO = NO;
				SDKROOT = macosx;
			};
			name = Release;
		};
		1F108A8E1FD5198B008D7E25 /* Debug */ = {
			isa = XCBuildConfiguration;
			buildSettings = {
				ASSETCATALOG_COMPILER_APPICON_NAME = AppIcon;
				COMBINE_HIDPI_IMAGES = YES;
				INFOPLIST_FILE = 10.1.instancing_quads/Info.plist;
				LD_RUNPATH_SEARCH_PATHS = "$(inherited) @executable_path/../Frameworks";
				PRODUCT_BUNDLE_IDENTIFIER = "com.tolik.home.-0-1-instancing-quads";
				PRODUCT_NAME = "$(TARGET_NAME)";
			};
			name = Debug;
		};
		1F108A8F1FD5198B008D7E25 /* Release */ = {
			isa = XCBuildConfiguration;
			buildSettings = {
				ASSETCATALOG_COMPILER_APPICON_NAME = AppIcon;
				COMBINE_HIDPI_IMAGES = YES;
				INFOPLIST_FILE = 10.1.instancing_quads/Info.plist;
				LD_RUNPATH_SEARCH_PATHS = "$(inherited) @executable_path/../Frameworks";
				PRODUCT_BUNDLE_IDENTIFIER = "com.tolik.home.-0-1-instancing-quads";
				PRODUCT_NAME = "$(TARGET_NAME)";
			};
			name = Release;
		};
/* End XCBuildConfiguration section */

/* Begin XCConfigurationList section */
		1F108A741FD5198B008D7E25 /* Build configuration list for PBXProject "10.1.instancing_quads" */ = {
			isa = XCConfigurationList;
			buildConfigurations = (
				1F108A8B1FD5198B008D7E25 /* Debug */,
				1F108A8C1FD5198B008D7E25 /* Release */,
			);
			defaultConfigurationIsVisible = 0;
			defaultConfigurationName = Release;
		};
		1F108A8D1FD5198B008D7E25 /* Build configuration list for PBXNativeTarget "10.1.instancing_quads" */ = {
			isa = XCConfigurationList;
			buildConfigurations = (
				1F108A8E1FD5198B008D7E25 /* Debug */,
				1F108A8F1FD5198B008D7E25 /* Release */,
			);
			defaultConfigurationIsVisible = 0;
		};
/* End XCConfigurationList section */
	};
	rootObject = 1F108A711FD5198B008D7E25 /* Project object */;
}
