// !$*UTF8*$!
{
	archiveVersion = 1;
	classes = {
	};
	objectVersion = 46;
	objects = {

/* Begin PBXBuildFile section */
		1F80E33A1FFB529700F52588 /* AppDelegate.m in Sources */ = {isa = PBXBuildFile; fileRef = 1F80E3391FFB529700F52588 /* AppDelegate.m */; };
		1F80E33D1FFB529700F52588 /* main.m in Sources */ = {isa = PBXBuildFile; fileRef = 1F80E33C1FFB529700F52588 /* main.m */; };
		1F80E3401FFB529700F52588 /* ViewController.mm in Sources */ = {isa = PBXBuildFile; fileRef = 1F80E33F1FFB529700F52588 /* ViewController.mm */; };
		1F80E3421FFB529700F52588 /* Assets.xcassets in Resources */ = {isa = PBXBuildFile; fileRef = 1F80E3411FFB529700F52588 /* Assets.xcassets */; };
		1F80E3451FFB529700F52588 /* Main.storyboard in Resources */ = {isa = PBXBuildFile; fileRef = 1F80E3431FFB529700F52588 /* Main.storyboard */; };
		1F80E34E1FFB531300F52588 /* OpenGL.framework in Frameworks */ = {isa = PBXBuildFile; fileRef = 1F80E34D1FFB531300F52588 /* OpenGL.framework */; };
		1F80E3501FFB5A7B00F52588 /* stb_image.cpp in Sources */ = {isa = PBXBuildFile; fileRef = 1F80E34F1FFB5A7B00F52588 /* stb_image.cpp */; };
		1F80E3531FFB5B5100F52588 /* csm.fs in Resources */ = {isa = PBXBuildFile; fileRef = 1F80E3511FFB5B5100F52588 /* csm.fs */; };
		1F80E3541FFB5B5100F52588 /* csm.vs in Resources */ = {isa = PBXBuildFile; fileRef = 1F80E3521FFB5B5100F52588 /* csm.vs */; };
		1F80E3571FFB5E3F00F52588 /* objects in Resources */ = {isa = PBXBuildFile; fileRef = 1F80E3551FFB5E3F00F52588 /* objects */; };
		1F80E3581FFB5E3F00F52588 /* textures in Resources */ = {isa = PBXBuildFile; fileRef = 1F80E3561FFB5E3F00F52588 /* textures */; };
/* End PBXBuildFile section */

/* Begin PBXFileReference section */
		1F80E3351FFB529700F52588 /* 3.3.csm.app */ = {isa = PBXFileReference; explicitFileType = wrapper.application; includeInIndex = 0; path = 3.3.csm.app; sourceTree = BUILT_PRODUCTS_DIR; };
		1F80E3381FFB529700F52588 /* AppDelegate.h */ = {isa = PBXFileReference; lastKnownFileType = sourcecode.c.h; path = AppDelegate.h; sourceTree = "<group>"; };
		1F80E3391FFB529700F52588 /* AppDelegate.m */ = {isa = PBXFileReference; lastKnownFileType = sourcecode.c.objc; path = AppDelegate.m; sourceTree = "<group>"; };
		1F80E33C1FFB529700F52588 /* main.m */ = {isa = PBXFileReference; lastKnownFileType = sourcecode.c.objc; path = main.m; sourceTree = "<group>"; };
		1F80E33E1FFB529700F52588 /* ViewController.h */ = {isa = PBXFileReference; lastKnownFileType = sourcecode.c.h; path = ViewController.h; sourceTree = "<group>"; };
		1F80E33F1FFB529700F52588 /* ViewController.mm */ = {isa = PBXFileReference; lastKnownFileType = sourcecode.cpp.objcpp; path = ViewController.mm; sourceTree = "<group>"; };
		1F80E3411FFB529700F52588 /* Assets.xcassets */ = {isa = PBXFileReference; lastKnownFileType = folder.assetcatalog; path = Assets.xcassets; sourceTree = "<group>"; };
		1F80E3441FFB529700F52588 /* Base */ = {isa = PBXFileReference; lastKnownFileType = file.storyboard; name = Base; path = Base.lproj/Main.storyboard; sourceTree = "<group>"; };
		1F80E3461FFB529700F52588 /* Info.plist */ = {isa = PBXFileReference; lastKnownFileType = text.plist.xml; path = Info.plist; sourceTree = "<group>"; };
		1F80E34D1FFB531300F52588 /* OpenGL.framework */ = {isa = PBXFileReference; lastKnownFileType = wrapper.framework; name = OpenGL.framework; path = System/Library/Frameworks/OpenGL.framework; sourceTree = SDKROOT; };
		1F80E34F1FFB5A7B00F52588 /* stb_image.cpp */ = {isa = PBXFileReference; fileEncoding = 4; lastKnownFileType = sourcecode.cpp.cpp; name = stb_image.cpp; path = ../../../../crossplatform/LearnOpenGL/src/stb_image.cpp; sourceTree = "<group>"; };
		1F80E3511FFB5B5100F52588 /* csm.fs */ = {isa = PBXFileReference; fileEncoding = 4; lastKnownFileType = sourcecode.glsl; name = csm.fs; path = ../../../../crossplatform/LearnOpenGL/src/5.advanced_lighting/3.3.csm/csm.fs; sourceTree = "<group>"; };
		1F80E3521FFB5B5100F52588 /* csm.vs */ = {isa = PBXFileReference; fileEncoding = 4; lastKnownFileType = sourcecode.glsl; name = csm.vs; path = ../../../../crossplatform/LearnOpenGL/src/5.advanced_lighting/3.3.csm/csm.vs; sourceTree = "<group>"; };
		1F80E3551FFB5E3F00F52588 /* objects */ = {isa = PBXFileReference; lastKnownFileType = folder; name = objects; path = ../../../../crossplatform/LearnOpenGL/resources/objects; sourceTree = "<group>"; };
		1F80E3561FFB5E3F00F52588 /* textures */ = {isa = PBXFileReference; lastKnownFileType = folder; name = textures; path = ../../../../crossplatform/LearnOpenGL/resources/textures; sourceTree = "<group>"; };
/* End PBXFileReference section */

/* Begin PBXFrameworksBuildPhase section */
		1F80E3321FFB529700F52588 /* Frameworks */ = {
			isa = PBXFrameworksBuildPhase;
			buildActionMask = 2147483647;
			files = (
				1F80E34E1FFB531300F52588 /* OpenGL.framework in Frameworks */,
			);
			runOnlyForDeploymentPostprocessing = 0;
		};
/* End PBXFrameworksBuildPhase section */

/* Begin PBXGroup section */
		1F80E32C1FFB529700F52588 = {
			isa = PBXGroup;
			children = (
				1F80E3371FFB529700F52588 /* 3.3.csm */,
				1F80E3361FFB529700F52588 /* Products */,
				1F80E34C1FFB531300F52588 /* Frameworks */,
			);
			sourceTree = "<group>";
		};
		1F80E3361FFB529700F52588 /* Products */ = {
			isa = PBXGroup;
			children = (
				1F80E3351FFB529700F52588 /* 3.3.csm.app */,
			);
			name = Products;
			sourceTree = "<group>";
		};
		1F80E3371FFB529700F52588 /* 3.3.csm */ = {
			isa = PBXGroup;
			children = (
				1F80E3551FFB5E3F00F52588 /* objects */,
				1F80E3561FFB5E3F00F52588 /* textures */,
				1F80E3511FFB5B5100F52588 /* csm.fs */,
				1F80E3521FFB5B5100F52588 /* csm.vs */,
				1F80E3381FFB529700F52588 /* AppDelegate.h */,
				1F80E3391FFB529700F52588 /* AppDelegate.m */,
				1F80E33E1FFB529700F52588 /* ViewController.h */,
				1F80E33F1FFB529700F52588 /* ViewController.mm */,
				1F80E3411FFB529700F52588 /* Assets.xcassets */,
				1F80E3431FFB529700F52588 /* Main.storyboard */,
				1F80E3461FFB529700F52588 /* Info.plist */,
				1F80E33B1FFB529700F52588 /* Supporting Files */,
			);
			path = 3.3.csm;
			sourceTree = "<group>";
		};
		1F80E33B1FFB529700F52588 /* Supporting Files */ = {
			isa = PBXGroup;
			children = (
				1F80E34F1FFB5A7B00F52588 /* stb_image.cpp */,
				1F80E33C1FFB529700F52588 /* main.m */,
			);
			name = "Supporting Files";
			sourceTree = "<group>";
		};
		1F80E34C1FFB531300F52588 /* Frameworks */ = {
			isa = PBXGroup;
			children = (
				1F80E34D1FFB531300F52588 /* OpenGL.framework */,
			);
			name = Frameworks;
			sourceTree = "<group>";
		};
/* End PBXGroup section */

/* Begin PBXNativeTarget section */
		1F80E3341FFB529700F52588 /* 3.3.csm */ = {
			isa = PBXNativeTarget;
			buildConfigurationList = 1F80E3491FFB529700F52588 /* Build configuration list for PBXNativeTarget "3.3.csm" */;
			buildPhases = (
				1F80E3311FFB529700F52588 /* Sources */,
				1F80E3321FFB529700F52588 /* Frameworks */,
				1F80E3331FFB529700F52588 /* Resources */,
			);
			buildRules = (
			);
			dependencies = (
			);
			name = 3.3.csm;
			productName = 3.3.csm;
			productReference = 1F80E3351FFB529700F52588 /* 3.3.csm.app */;
			productType = "com.apple.product-type.application";
		};
/* End PBXNativeTarget section */

/* Begin PBXProject section */
		1F80E32D1FFB529700F52588 /* Project object */ = {
			isa = PBXProject;
			attributes = {
				LastUpgradeCheck = 0830;
				ORGANIZATIONNAME = tolik7071;
				TargetAttributes = {
					1F80E3341FFB529700F52588 = {
						CreatedOnToolsVersion = 8.3.3;
						ProvisioningStyle = Automatic;
					};
				};
			};
			buildConfigurationList = 1F80E3301FFB529700F52588 /* Build configuration list for PBXProject "3.3.csm" */;
			compatibilityVersion = "Xcode 3.2";
			developmentRegion = English;
			hasScannedForEncodings = 0;
			knownRegions = (
				en,
				Base,
			);
			mainGroup = 1F80E32C1FFB529700F52588;
			productRefGroup = 1F80E3361FFB529700F52588 /* Products */;
			projectDirPath = "";
			projectRoot = "";
			targets = (
				1F80E3341FFB529700F52588 /* 3.3.csm */,
			);
		};
/* End PBXProject section */

/* Begin PBXResourcesBuildPhase section */
		1F80E3331FFB529700F52588 /* Resources */ = {
			isa = PBXResourcesBuildPhase;
			buildActionMask = 2147483647;
			files = (
				1F80E3541FFB5B5100F52588 /* csm.vs in Resources */,
				1F80E3421FFB529700F52588 /* Assets.xcassets in Resources */,
				1F80E3581FFB5E3F00F52588 /* textures in Resources */,
				1F80E3531FFB5B5100F52588 /* csm.fs in Resources */,
				1F80E3571FFB5E3F00F52588 /* objects in Resources */,
				1F80E3451FFB529700F52588 /* Main.storyboard in Resources */,
			);
			runOnlyForDeploymentPostprocessing = 0;
		};
/* End PBXResourcesBuildPhase section */

/* Begin PBXSourcesBuildPhase section */
		1F80E3311FFB529700F52588 /* Sources */ = {
			isa = PBXSourcesBuildPhase;
			buildActionMask = 2147483647;
			files = (
				1F80E3401FFB529700F52588 /* ViewController.mm in Sources */,
				1F80E3501FFB5A7B00F52588 /* stb_image.cpp in Sources */,
				1F80E33D1FFB529700F52588 /* main.m in Sources */,
				1F80E33A1FFB529700F52588 /* AppDelegate.m in Sources */,
			);
			runOnlyForDeploymentPostprocessing = 0;
		};
/* End PBXSourcesBuildPhase section */

/* Begin PBXVariantGroup section */
		1F80E3431FFB529700F52588 /* Main.storyboard */ = {
			isa = PBXVariantGroup;
			children = (
				1F80E3441FFB529700F52588 /* Base */,
			);
			name = Main.storyboard;
			sourceTree = "<group>";
		};
/* End PBXVariantGroup section */

/* Begin XCBuildConfiguration section */
		1F80E3471FFB529700F52588 /* Debug */ = {
			isa = XCBuildConfiguration;
			buildSettings = {
				ALWAYS_SEARCH_USER_PATHS = NO;
				CLANG_ANALYZER_NONNULL = YES;
				CLANG_ANALYZER_NUMBER_OBJECT_CONVERSION = YES_AGGRESSIVE;
				CLANG_CXX_LANGUAGE_STANDARD = "gnu++0x";
				CLANG_CXX_LIBRARY = "libc++";
				CLANG_ENABLE_MODULES = YES;
				CLANG_ENABLE_OBJC_ARC = YES;
				CLANG_WARN_BOOL_CONVERSION = YES;
				CLANG_WARN_CONSTANT_CONVERSION = YES;
				CLANG_WARN_DIRECT_OBJC_ISA_USAGE = YES_ERROR;
				CLANG_WARN_DOCUMENTATION_COMMENTS = YES;
				CLANG_WARN_EMPTY_BODY = YES;
				CLANG_WARN_ENUM_CONVERSION = YES;
				CLANG_WARN_INFINITE_RECURSION = YES;
				CLANG_WARN_INT_CONVERSION = YES;
				CLANG_WARN_OBJC_ROOT_CLASS = YES_ERROR;
				CLANG_WARN_SUSPICIOUS_MOVE = YES;
				CLANG_WARN_UNREACHABLE_CODE = YES;
				CLANG_WARN__DUPLICATE_METHOD_MATCH = YES;
				CODE_SIGN_IDENTITY = "-";
				COMMON_SDK_PATH = /Users/Shared/projects/SDKs;
				COPY_PHASE_STRIP = NO;
				DEBUG_INFORMATION_FORMAT = dwarf;
				ENABLE_STRICT_OBJC_MSGSEND = YES;
				ENABLE_TESTABILITY = YES;
				GCC_C_LANGUAGE_STANDARD = gnu99;
				GCC_DYNAMIC_NO_PIC = NO;
				GCC_NO_COMMON_BLOCKS = YES;
				GCC_OPTIMIZATION_LEVEL = 0;
				GCC_PREPROCESSOR_DEFINITIONS = (
					"DEBUG=1",
					"$(inherited)",
				);
				GCC_WARN_64_TO_32_BIT_CONVERSION = YES;
				GCC_WARN_ABOUT_RETURN_TYPE = YES_ERROR;
				GCC_WARN_UNDECLARED_SELECTOR = YES;
				GCC_WARN_UNINITIALIZED_AUTOS = YES_AGGRESSIVE;
				GCC_WARN_UNUSED_FUNCTION = YES;
				GCC_WARN_UNUSED_VARIABLE = YES;
				HEADER_SEARCH_PATHS = (
					"$(COMMON_SDK_PATH)/LearnOpenGL/includes",
					"$(COMMON_SDK_PATH)/stb_image/stb_image_lib/include",
					"$(COMMON_SDK_PATH)/glm",
					/usr/local/Cellar/assimp/4.0.1/include,
				);
				LIBRARY_SEARCH_PATHS = /usr/local/Cellar/assimp/4.0.1/lib;
				MACOSX_DEPLOYMENT_TARGET = 10.12;
				MTL_ENABLE_DEBUG_INFO = YES;
				ONLY_ACTIVE_ARCH = YES;
				SDKROOT = macosx;
			};
			name = Debug;
		};
		1F80E3481FFB529700F52588 /* Release */ = {
			isa = XCBuildConfiguration;
			buildSettings = {
				ALWAYS_SEARCH_USER_PATHS = NO;
				CLANG_ANALYZER_NONNULL = YES;
				CLANG_ANALYZER_NUMBER_OBJECT_CONVERSION = YES_AGGRESSIVE;
				CLANG_CXX_LANGUAGE_STANDARD = "gnu++0x";
				CLANG_CXX_LIBRARY = "libc++";
				CLANG_ENABLE_MODULES = YES;
				CLANG_ENABLE_OBJC_ARC = YES;
				CLANG_WARN_BOOL_CONVERSION = YES;
				CLANG_WARN_CONSTANT_CONVERSION = YES;
				CLANG_WARN_DIRECT_OBJC_ISA_USAGE = YES_ERROR;
				CLANG_WARN_DOCUMENTATION_COMMENTS = YES;
				CLANG_WARN_EMPTY_BODY = YES;
				CLANG_WARN_ENUM_CONVERSION = YES;
				CLANG_WARN_INFINITE_RECURSION = YES;
				CLANG_WARN_INT_CONVERSION = YES;
				CLANG_WARN_OBJC_ROOT_CLASS = YES_ERROR;
				CLANG_WARN_SUSPICIOUS_MOVE = YES;
				CLANG_WARN_UNREACHABLE_CODE = YES;
				CLANG_WARN__DUPLICATE_METHOD_MATCH = YES;
				CODE_SIGN_IDENTITY = "-";
				COMMON_SDK_PATH = /Users/Shared/projects/SDKs;
				COPY_PHASE_STRIP = NO;
				DEBUG_INFORMATION_FORMAT = "dwarf-with-dsym";
				ENABLE_NS_ASSERTIONS = NO;
				ENABLE_STRICT_OBJC_MSGSEND = YES;
				GCC_C_LANGUAGE_STANDARD = gnu99;
				GCC_NO_COMMON_BLOCKS = YES;
				GCC_WARN_64_TO_32_BIT_CONVERSION = YES;
				GCC_WARN_ABOUT_RETURN_TYPE = YES_ERROR;
				GCC_WARN_UNDECLARED_SELECTOR = YES;
				GCC_WARN_UNINITIALIZED_AUTOS = YES_AGGRESSIVE;
				GCC_WARN_UNUSED_FUNCTION = YES;
				GCC_WARN_UNUSED_VARIABLE = YES;
				HEADER_SEARCH_PATHS = (
					"$(COMMON_SDK_PATH)/LearnOpenGL/includes",
					"$(COMMON_SDK_PATH)/stb_image/stb_image_lib/include",
					"$(COMMON_SDK_PATH)/glm",
					/usr/local/Cellar/assimp/4.0.1/include,
				);
				LIBRARY_SEARCH_PATHS = /usr/local/Cellar/assimp/4.0.1/lib;
				MACOSX_DEPLOYMENT_TARGET = 10.12;
				MTL_ENABLE_DEBUG_INFO = NO;
				SDKROOT = macosx;
			};
			name = Release;
		};
		1F80E34A1FFB529700F52588 /* Debug */ = {
			isa = XCBuildConfiguration;
			buildSettings = {
				ASSETCATALOG_COMPILER_APPICON_NAME = AppIcon;
				COMBINE_HIDPI_IMAGES = YES;
				INFOPLIST_FILE = 3.3.csm/Info.plist;
				LD_RUNPATH_SEARCH_PATHS = "$(inherited) @executable_path/../Frameworks";
				PRODUCT_BUNDLE_IDENTIFIER = "com.tolik.home.--3-csm";
				PRODUCT_NAME = "$(TARGET_NAME)";
			};
			name = Debug;
		};
		1F80E34B1FFB529700F52588 /* Release */ = {
			isa = XCBuildConfiguration;
			buildSettings = {
				ASSETCATALOG_COMPILER_APPICON_NAME = AppIcon;
				COMBINE_HIDPI_IMAGES = YES;
				INFOPLIST_FILE = 3.3.csm/Info.plist;
				LD_RUNPATH_SEARCH_PATHS = "$(inherited) @executable_path/../Frameworks";
				PRODUCT_BUNDLE_IDENTIFIER = "com.tolik.home.--3-csm";
				PRODUCT_NAME = "$(TARGET_NAME)";
			};
			name = Release;
		};
/* End XCBuildConfiguration section */

/* Begin XCConfigurationList section */
		1F80E3301FFB529700F52588 /* Build configuration list for PBXProject "3.3.csm" */ = {
			isa = XCConfigurationList;
			buildConfigurations = (
				1F80E3471FFB529700F52588 /* Debug */,
				1F80E3481FFB529700F52588 /* Release */,
			);
			defaultConfigurationIsVisible = 0;
			defaultConfigurationName = Release;
		};
		1F80E3491FFB529700F52588 /* Build configuration list for PBXNativeTarget "3.3.csm" */ = {
			isa = XCConfigurationList;
			buildConfigurations = (
				1F80E34A1FFB529700F52588 /* Debug */,
				1F80E34B1FFB529700F52588 /* Release */,
			);
			defaultConfigurationIsVisible = 0;
		};
/* End XCConfigurationList section */
	};
	rootObject = 1F80E32D1FFB529700F52588 /* Project object */;
}
