// !$*UTF8*$!
{
	archiveVersion = 1;
	classes = {
	};
	objectVersion = 46;
	objects = {

/* Begin PBXBuildFile section */
		1F8C77F3202ACD790024D075 /* AppDelegate.m in Sources */ = {isa = PBXBuildFile; fileRef = 1F8C77F2202ACD790024D075 /* AppDelegate.m */; };
		1F8C77F6202ACD790024D075 /* main.m in Sources */ = {isa = PBXBuildFile; fileRef = 1F8C77F5202ACD790024D075 /* main.m */; };
		1F8C77F9202ACD790024D075 /* ViewController.mm in Sources */ = {isa = PBXBuildFile; fileRef = 1F8C77F8202ACD790024D075 /* ViewController.mm */; };
		1F8C77FB202ACD790024D075 /* Assets.xcassets in Resources */ = {isa = PBXBuildFile; fileRef = 1F8C77FA202ACD790024D075 /* Assets.xcassets */; };
		1F8C77FE202ACD790024D075 /* Main.storyboard in Resources */ = {isa = PBXBuildFile; fileRef = 1F8C77FC202ACD790024D075 /* Main.storyboard */; };
		1F8C7807202ACD9D0024D075 /* OpenGL.framework in Frameworks */ = {isa = PBXBuildFile; fileRef = 1F8C7806202ACD9D0024D075 /* OpenGL.framework */; };
		1F8C780A202ACEE30024D075 /* glad.c in Sources */ = {isa = PBXBuildFile; fileRef = 1F8C7808202ACEE30024D075 /* glad.c */; };
		1F8C780B202ACEE30024D075 /* stb_image.cpp in Sources */ = {isa = PBXBuildFile; fileRef = 1F8C7809202ACEE30024D075 /* stb_image.cpp */; };
		1F8C7814202AD0430024D075 /* 8.1.deferred_light_box.fs in Resources */ = {isa = PBXBuildFile; fileRef = 1F8C780C202AD0430024D075 /* 8.1.deferred_light_box.fs */; };
		1F8C7815202AD0430024D075 /* 8.1.deferred_light_box.vs in Resources */ = {isa = PBXBuildFile; fileRef = 1F8C780D202AD0430024D075 /* 8.1.deferred_light_box.vs */; };
		1F8C7816202AD0430024D075 /* 8.1.deferred_shading.fs in Resources */ = {isa = PBXBuildFile; fileRef = 1F8C780E202AD0430024D075 /* 8.1.deferred_shading.fs */; };
		1F8C7817202AD0430024D075 /* 8.1.deferred_shading.vs in Resources */ = {isa = PBXBuildFile; fileRef = 1F8C780F202AD0430024D075 /* 8.1.deferred_shading.vs */; };
		1F8C7818202AD0430024D075 /* 8.1.fbo_debug.fs in Resources */ = {isa = PBXBuildFile; fileRef = 1F8C7810202AD0430024D075 /* 8.1.fbo_debug.fs */; };
		1F8C7819202AD0430024D075 /* 8.1.fbo_debug.vs in Resources */ = {isa = PBXBuildFile; fileRef = 1F8C7811202AD0430024D075 /* 8.1.fbo_debug.vs */; };
		1F8C781A202AD0430024D075 /* 8.1.g_buffer.fs in Resources */ = {isa = PBXBuildFile; fileRef = 1F8C7812202AD0430024D075 /* 8.1.g_buffer.fs */; };
		1F8C781B202AD0430024D075 /* 8.1.g_buffer.vs in Resources */ = {isa = PBXBuildFile; fileRef = 1F8C7813202AD0430024D075 /* 8.1.g_buffer.vs */; };
		1F8C781E202AD04B0024D075 /* objects in Resources */ = {isa = PBXBuildFile; fileRef = 1F8C781C202AD04B0024D075 /* objects */; };
		1F8C781F202AD04B0024D075 /* textures in Resources */ = {isa = PBXBuildFile; fileRef = 1F8C781D202AD04B0024D075 /* textures */; };
		1F8C7821202AD2D80024D075 /* libassimp.4.0.1.dylib in Frameworks */ = {isa = PBXBuildFile; fileRef = 1F8C7820202AD2D80024D075 /* libassimp.4.0.1.dylib */; };
/* End PBXBuildFile section */

/* Begin PBXFileReference section */
		1F8C77EE202ACD790024D075 /* 8.1.deferred_shading.app */ = {isa = PBXFileReference; explicitFileType = wrapper.application; includeInIndex = 0; path = 8.1.deferred_shading.app; sourceTree = BUILT_PRODUCTS_DIR; };
		1F8C77F1202ACD790024D075 /* AppDelegate.h */ = {isa = PBXFileReference; lastKnownFileType = sourcecode.c.h; path = AppDelegate.h; sourceTree = "<group>"; };
		1F8C77F2202ACD790024D075 /* AppDelegate.m */ = {isa = PBXFileReference; lastKnownFileType = sourcecode.c.objc; path = AppDelegate.m; sourceTree = "<group>"; };
		1F8C77F5202ACD790024D075 /* main.m */ = {isa = PBXFileReference; lastKnownFileType = sourcecode.c.objc; path = main.m; sourceTree = "<group>"; };
		1F8C77F7202ACD790024D075 /* ViewController.h */ = {isa = PBXFileReference; lastKnownFileType = sourcecode.c.h; path = ViewController.h; sourceTree = "<group>"; };
		1F8C77F8202ACD790024D075 /* ViewController.mm */ = {isa = PBXFileReference; lastKnownFileType = sourcecode.cpp.objcpp; path = ViewController.mm; sourceTree = "<group>"; };
		1F8C77FA202ACD790024D075 /* Assets.xcassets */ = {isa = PBXFileReference; lastKnownFileType = folder.assetcatalog; path = Assets.xcassets; sourceTree = "<group>"; };
		1F8C77FD202ACD790024D075 /* Base */ = {isa = PBXFileReference; lastKnownFileType = file.storyboard; name = Base; path = Base.lproj/Main.storyboard; sourceTree = "<group>"; };
		1F8C77FF202ACD790024D075 /* Info.plist */ = {isa = PBXFileReference; lastKnownFileType = text.plist.xml; path = Info.plist; sourceTree = "<group>"; };
		1F8C7806202ACD9D0024D075 /* OpenGL.framework */ = {isa = PBXFileReference; lastKnownFileType = wrapper.framework; name = OpenGL.framework; path = System/Library/Frameworks/OpenGL.framework; sourceTree = SDKROOT; };
		1F8C7808202ACEE30024D075 /* glad.c */ = {isa = PBXFileReference; fileEncoding = 4; lastKnownFileType = sourcecode.c.c; name = glad.c; path = ../../../../crossplatform/LearnOpenGL/src/glad.c; sourceTree = "<group>"; };
		1F8C7809202ACEE30024D075 /* stb_image.cpp */ = {isa = PBXFileReference; fileEncoding = 4; lastKnownFileType = sourcecode.cpp.cpp; name = stb_image.cpp; path = ../../../../crossplatform/LearnOpenGL/src/stb_image.cpp; sourceTree = "<group>"; };
		1F8C780C202AD0430024D075 /* 8.1.deferred_light_box.fs */ = {isa = PBXFileReference; fileEncoding = 4; lastKnownFileType = sourcecode.glsl; name = 8.1.deferred_light_box.fs; path = ../../../../crossplatform/LearnOpenGL/src/5.advanced_lighting/8.1.deferred_shading/8.1.deferred_light_box.fs; sourceTree = "<group>"; };
		1F8C780D202AD0430024D075 /* 8.1.deferred_light_box.vs */ = {isa = PBXFileReference; fileEncoding = 4; lastKnownFileType = sourcecode.glsl; name = 8.1.deferred_light_box.vs; path = ../../../../crossplatform/LearnOpenGL/src/5.advanced_lighting/8.1.deferred_shading/8.1.deferred_light_box.vs; sourceTree = "<group>"; };
		1F8C780E202AD0430024D075 /* 8.1.deferred_shading.fs */ = {isa = PBXFileReference; fileEncoding = 4; lastKnownFileType = sourcecode.glsl; name = 8.1.deferred_shading.fs; path = ../../../../crossplatform/LearnOpenGL/src/5.advanced_lighting/8.1.deferred_shading/8.1.deferred_shading.fs; sourceTree = "<group>"; };
		1F8C780F202AD0430024D075 /* 8.1.deferred_shading.vs */ = {isa = PBXFileReference; fileEncoding = 4; lastKnownFileType = sourcecode.glsl; name = 8.1.deferred_shading.vs; path = ../../../../crossplatform/LearnOpenGL/src/5.advanced_lighting/8.1.deferred_shading/8.1.deferred_shading.vs; sourceTree = "<group>"; };
		1F8C7810202AD0430024D075 /* 8.1.fbo_debug.fs */ = {isa = PBXFileReference; fileEncoding = 4; lastKnownFileType = sourcecode.glsl; name = 8.1.fbo_debug.fs; path = ../../../../crossplatform/LearnOpenGL/src/5.advanced_lighting/8.1.deferred_shading/8.1.fbo_debug.fs; sourceTree = "<group>"; };
		1F8C7811202AD0430024D075 /* 8.1.fbo_debug.vs */ = {isa = PBXFileReference; fileEncoding = 4; lastKnownFileType = sourcecode.glsl; name = 8.1.fbo_debug.vs; path = ../../../../crossplatform/LearnOpenGL/src/5.advanced_lighting/8.1.deferred_shading/8.1.fbo_debug.vs; sourceTree = "<group>"; };
		1F8C7812202AD0430024D075 /* 8.1.g_buffer.fs */ = {isa = PBXFileReference; fileEncoding = 4; lastKnownFileType = sourcecode.glsl; name = 8.1.g_buffer.fs; path = ../../../../crossplatform/LearnOpenGL/src/5.advanced_lighting/8.1.deferred_shading/8.1.g_buffer.fs; sourceTree = "<group>"; };
		1F8C7813202AD0430024D075 /* 8.1.g_buffer.vs */ = {isa = PBXFileReference; fileEncoding = 4; lastKnownFileType = sourcecode.glsl; name = 8.1.g_buffer.vs; path = ../../../../crossplatform/LearnOpenGL/src/5.advanced_lighting/8.1.deferred_shading/8.1.g_buffer.vs; sourceTree = "<group>"; };
		1F8C781C202AD04B0024D075 /* objects */ = {isa = PBXFileReference; lastKnownFileType = folder; name = objects; path = ../../../../crossplatform/LearnOpenGL/resources/objects; sourceTree = "<group>"; };
		1F8C781D202AD04B0024D075 /* textures */ = {isa = PBXFileReference; lastKnownFileType = folder; name = textures; path = ../../../../crossplatform/LearnOpenGL/resources/textures; sourceTree = "<group>"; };
		1F8C7820202AD2D80024D075 /* libassimp.4.0.1.dylib */ = {isa = PBXFileReference; lastKnownFileType = "compiled.mach-o.dylib"; name = libassimp.4.0.1.dylib; path = ../../../../../../usr/local/Cellar/assimp/4.0.1/lib/libassimp.4.0.1.dylib; sourceTree = "<group>"; };
/* End PBXFileReference section */

/* Begin PBXFrameworksBuildPhase section */
		1F8C77EB202ACD790024D075 /* Frameworks */ = {
			isa = PBXFrameworksBuildPhase;
			buildActionMask = 2147483647;
			files = (
				1F8C7807202ACD9D0024D075 /* OpenGL.framework in Frameworks */,
				1F8C7821202AD2D80024D075 /* libassimp.4.0.1.dylib in Frameworks */,
			);
			runOnlyForDeploymentPostprocessing = 0;
		};
/* End PBXFrameworksBuildPhase section */

/* Begin PBXGroup section */
		1F8C77E5202ACD790024D075 = {
			isa = PBXGroup;
			children = (
				1F8C77F0202ACD790024D075 /* 8.1.deferred_shading */,
				1F8C77EF202ACD790024D075 /* Products */,
				1F8C7805202ACD9D0024D075 /* Frameworks */,
			);
			sourceTree = "<group>";
		};
		1F8C77EF202ACD790024D075 /* Products */ = {
			isa = PBXGroup;
			children = (
				1F8C77EE202ACD790024D075 /* 8.1.deferred_shading.app */,
			);
			name = Products;
			sourceTree = "<group>";
		};
		1F8C77F0202ACD790024D075 /* 8.1.deferred_shading */ = {
			isa = PBXGroup;
			children = (
				1F8C781C202AD04B0024D075 /* objects */,
				1F8C781D202AD04B0024D075 /* textures */,
				1F8C780C202AD0430024D075 /* 8.1.deferred_light_box.fs */,
				1F8C780D202AD0430024D075 /* 8.1.deferred_light_box.vs */,
				1F8C780E202AD0430024D075 /* 8.1.deferred_shading.fs */,
				1F8C780F202AD0430024D075 /* 8.1.deferred_shading.vs */,
				1F8C7810202AD0430024D075 /* 8.1.fbo_debug.fs */,
				1F8C7811202AD0430024D075 /* 8.1.fbo_debug.vs */,
				1F8C7812202AD0430024D075 /* 8.1.g_buffer.fs */,
				1F8C7813202AD0430024D075 /* 8.1.g_buffer.vs */,
				1F8C77F1202ACD790024D075 /* AppDelegate.h */,
				1F8C77F2202ACD790024D075 /* AppDelegate.m */,
				1F8C77F7202ACD790024D075 /* ViewController.h */,
				1F8C77F8202ACD790024D075 /* ViewController.mm */,
				1F8C77FA202ACD790024D075 /* Assets.xcassets */,
				1F8C77FC202ACD790024D075 /* Main.storyboard */,
				1F8C77FF202ACD790024D075 /* Info.plist */,
				1F8C77F4202ACD790024D075 /* Supporting Files */,
			);
			path = 8.1.deferred_shading;
			sourceTree = "<group>";
		};
		1F8C77F4202ACD790024D075 /* Supporting Files */ = {
			isa = PBXGroup;
			children = (
				1F8C7808202ACEE30024D075 /* glad.c */,
				1F8C7809202ACEE30024D075 /* stb_image.cpp */,
				1F8C77F5202ACD790024D075 /* main.m */,
			);
			name = "Supporting Files";
			sourceTree = "<group>";
		};
		1F8C7805202ACD9D0024D075 /* Frameworks */ = {
			isa = PBXGroup;
			children = (
				1F8C7820202AD2D80024D075 /* libassimp.4.0.1.dylib */,
				1F8C7806202ACD9D0024D075 /* OpenGL.framework */,
			);
			name = Frameworks;
			sourceTree = "<group>";
		};
/* End PBXGroup section */

/* Begin PBXNativeTarget section */
		1F8C77ED202ACD790024D075 /* 8.1.deferred_shading */ = {
			isa = PBXNativeTarget;
			buildConfigurationList = 1F8C7802202ACD790024D075 /* Build configuration list for PBXNativeTarget "8.1.deferred_shading" */;
			buildPhases = (
				1F8C77EA202ACD790024D075 /* Sources */,
				1F8C77EB202ACD790024D075 /* Frameworks */,
				1F8C77EC202ACD790024D075 /* Resources */,
			);
			buildRules = (
			);
			dependencies = (
			);
			name = 8.1.deferred_shading;
			productName = 8.1.deferred_shading;
			productReference = 1F8C77EE202ACD790024D075 /* 8.1.deferred_shading.app */;
			productType = "com.apple.product-type.application";
		};
/* End PBXNativeTarget section */

/* Begin PBXProject section */
		1F8C77E6202ACD790024D075 /* Project object */ = {
			isa = PBXProject;
			attributes = {
				LastUpgradeCheck = 0830;
				ORGANIZATIONNAME = tolik7071;
				TargetAttributes = {
					1F8C77ED202ACD790024D075 = {
						CreatedOnToolsVersion = 8.3.3;
						ProvisioningStyle = Automatic;
					};
				};
			};
			buildConfigurationList = 1F8C77E9202ACD790024D075 /* Build configuration list for PBXProject "8.1.deferred_shading" */;
			compatibilityVersion = "Xcode 3.2";
			developmentRegion = English;
			hasScannedForEncodings = 0;
			knownRegions = (
				en,
				Base,
			);
			mainGroup = 1F8C77E5202ACD790024D075;
			productRefGroup = 1F8C77EF202ACD790024D075 /* Products */;
			projectDirPath = "";
			projectRoot = "";
			targets = (
				1F8C77ED202ACD790024D075 /* 8.1.deferred_shading */,
			);
		};
/* End PBXProject section */

/* Begin PBXResourcesBuildPhase section */
		1F8C77EC202ACD790024D075 /* Resources */ = {
			isa = PBXResourcesBuildPhase;
			buildActionMask = 2147483647;
			files = (
				1F8C77FB202ACD790024D075 /* Assets.xcassets in Resources */,
				1F8C7819202AD0430024D075 /* 8.1.fbo_debug.vs in Resources */,
				1F8C7815202AD0430024D075 /* 8.1.deferred_light_box.vs in Resources */,
				1F8C7818202AD0430024D075 /* 8.1.fbo_debug.fs in Resources */,
				1F8C77FE202ACD790024D075 /* Main.storyboard in Resources */,
				1F8C7817202AD0430024D075 /* 8.1.deferred_shading.vs in Resources */,
				1F8C781A202AD0430024D075 /* 8.1.g_buffer.fs in Resources */,
				1F8C7814202AD0430024D075 /* 8.1.deferred_light_box.fs in Resources */,
				1F8C781F202AD04B0024D075 /* textures in Resources */,
				1F8C7816202AD0430024D075 /* 8.1.deferred_shading.fs in Resources */,
				1F8C781E202AD04B0024D075 /* objects in Resources */,
				1F8C781B202AD0430024D075 /* 8.1.g_buffer.vs in Resources */,
			);
			runOnlyForDeploymentPostprocessing = 0;
		};
/* End PBXResourcesBuildPhase section */

/* Begin PBXSourcesBuildPhase section */
		1F8C77EA202ACD790024D075 /* Sources */ = {
			isa = PBXSourcesBuildPhase;
			buildActionMask = 2147483647;
			files = (
				1F8C77F9202ACD790024D075 /* ViewController.mm in Sources */,
				1F8C77F6202ACD790024D075 /* main.m in Sources */,
				1F8C780B202ACEE30024D075 /* stb_image.cpp in Sources */,
				1F8C77F3202ACD790024D075 /* AppDelegate.m in Sources */,
				1F8C780A202ACEE30024D075 /* glad.c in Sources */,
			);
			runOnlyForDeploymentPostprocessing = 0;
		};
/* End PBXSourcesBuildPhase section */

/* Begin PBXVariantGroup section */
		1F8C77FC202ACD790024D075 /* Main.storyboard */ = {
			isa = PBXVariantGroup;
			children = (
				1F8C77FD202ACD790024D075 /* Base */,
			);
			name = Main.storyboard;
			sourceTree = "<group>";
		};
/* End PBXVariantGroup section */

/* Begin XCBuildConfiguration section */
		1F8C7800202ACD790024D075 /* Debug */ = {
			isa = XCBuildConfiguration;
			buildSettings = {
				ALWAYS_SEARCH_USER_PATHS = NO;
				CLANG_ANALYZER_NONNULL = YES;
				CLANG_ANALYZER_NUMBER_OBJECT_CONVERSION = YES_AGGRESSIVE;
				CLANG_CXX_LANGUAGE_STANDARD = "gnu++0x";
				CLANG_CXX_LIBRARY = "libc++";
				CLANG_ENABLE_MODULES = YES;
				CLANG_ENABLE_OBJC_ARC = YES;
				CLANG_WARN_BOOL_CONVERSION = YES;
				CLANG_WARN_CONSTANT_CONVERSION = YES;
				CLANG_WARN_DIRECT_OBJC_ISA_USAGE = YES_ERROR;
				CLANG_WARN_DOCUMENTATION_COMMENTS = YES;
				CLANG_WARN_EMPTY_BODY = YES;
				CLANG_WARN_ENUM_CONVERSION = YES;
				CLANG_WARN_INFINITE_RECURSION = YES;
				CLANG_WARN_INT_CONVERSION = YES;
				CLANG_WARN_OBJC_ROOT_CLASS = YES_ERROR;
				CLANG_WARN_SUSPICIOUS_MOVE = YES;
				CLANG_WARN_UNREACHABLE_CODE = YES;
				CLANG_WARN__DUPLICATE_METHOD_MATCH = YES;
				CODE_SIGN_IDENTITY = "-";
				COMMON_SDK_PATH = /Users/Shared/projects/SDKs;
				COPY_PHASE_STRIP = NO;
				DEBUG_INFORMATION_FORMAT = dwarf;
				ENABLE_STRICT_OBJC_MSGSEND = YES;
				ENABLE_TESTABILITY = YES;
				GCC_C_LANGUAGE_STANDARD = gnu99;
				GCC_DYNAMIC_NO_PIC = NO;
				GCC_NO_COMMON_BLOCKS = YES;
				GCC_OPTIMIZATION_LEVEL = 0;
				GCC_PREPROCESSOR_DEFINITIONS = (
					"DEBUG=1",
					"$(inherited)",
				);
				GCC_WARN_64_TO_32_BIT_CONVERSION = YES;
				GCC_WARN_ABOUT_RETURN_TYPE = YES_ERROR;
				GCC_WARN_UNDECLARED_SELECTOR = YES;
				GCC_WARN_UNINITIALIZED_AUTOS = YES_AGGRESSIVE;
				GCC_WARN_UNUSED_FUNCTION = YES;
				GCC_WARN_UNUSED_VARIABLE = YES;
				HEADER_SEARCH_PATHS = (
					"$(COMMON_SDK_PATH)/LearnOpenGL/includes",
					"$(COMMON_SDK_PATH)/stb_image/stb_image_lib/include",
					"$(COMMON_SDK_PATH)/glm",
					/usr/local/Cellar/assimp/4.0.1/include,
				);
				LIBRARY_SEARCH_PATHS = /usr/local/Cellar/assimp/4.0.1/lib;
				MACOSX_DEPLOYMENT_TARGET = 10.13;
				MTL_ENABLE_DEBUG_INFO = YES;
				ONLY_ACTIVE_ARCH = YES;
				SDKROOT = macosx;
			};
			name = Debug;
		};
		1F8C7801202ACD790024D075 /* Release */ = {
			isa = XCBuildConfiguration;
			buildSettings = {
				ALWAYS_SEARCH_USER_PATHS = NO;
				CLANG_ANALYZER_NONNULL = YES;
				CLANG_ANALYZER_NUMBER_OBJECT_CONVERSION = YES_AGGRESSIVE;
				CLANG_CXX_LANGUAGE_STANDARD = "gnu++0x";
				CLANG_CXX_LIBRARY = "libc++";
				CLANG_ENABLE_MODULES = YES;
				CLANG_ENABLE_OBJC_ARC = YES;
				CLANG_WARN_BOOL_CONVERSION = YES;
				CLANG_WARN_CONSTANT_CONVERSION = YES;
				CLANG_WARN_DIRECT_OBJC_ISA_USAGE = YES_ERROR;
				CLANG_WARN_DOCUMENTATION_COMMENTS = YES;
				CLANG_WARN_EMPTY_BODY = YES;
				CLANG_WARN_ENUM_CONVERSION = YES;
				CLANG_WARN_INFINITE_RECURSION = YES;
				CLANG_WARN_INT_CONVERSION = YES;
				CLANG_WARN_OBJC_ROOT_CLASS = YES_ERROR;
				CLANG_WARN_SUSPICIOUS_MOVE = YES;
				CLANG_WARN_UNREACHABLE_CODE = YES;
				CLANG_WARN__DUPLICATE_METHOD_MATCH = YES;
				CODE_SIGN_IDENTITY = "-";
				COMMON_SDK_PATH = /Users/Shared/projects/SDKs;
				COPY_PHASE_STRIP = NO;
				DEBUG_INFORMATION_FORMAT = "dwarf-with-dsym";
				ENABLE_NS_ASSERTIONS = NO;
				ENABLE_STRICT_OBJC_MSGSEND = YES;
				GCC_C_LANGUAGE_STANDARD = gnu99;
				GCC_NO_COMMON_BLOCKS = YES;
				GCC_WARN_64_TO_32_BIT_CONVERSION = YES;
				GCC_WARN_ABOUT_RETURN_TYPE = YES_ERROR;
				GCC_WARN_UNDECLARED_SELECTOR = YES;
				GCC_WARN_UNINITIALIZED_AUTOS = YES_AGGRESSIVE;
				GCC_WARN_UNUSED_FUNCTION = YES;
				GCC_WARN_UNUSED_VARIABLE = YES;
				HEADER_SEARCH_PATHS = (
					"$(COMMON_SDK_PATH)/LearnOpenGL/includes",
					"$(COMMON_SDK_PATH)/stb_image/stb_image_lib/include",
					"$(COMMON_SDK_PATH)/glm",
					/usr/local/Cellar/assimp/4.0.1/include,
				);
				LIBRARY_SEARCH_PATHS = /usr/local/Cellar/assimp/4.0.1/lib;
				MACOSX_DEPLOYMENT_TARGET = 10.13;
				MTL_ENABLE_DEBUG_INFO = NO;
				SDKROOT = macosx;
			};
			name = Release;
		};
		1F8C7803202ACD790024D075 /* Debug */ = {
			isa = XCBuildConfiguration;
			buildSettings = {
				ASSETCATALOG_COMPILER_APPICON_NAME = AppIcon;
				COMBINE_HIDPI_IMAGES = YES;
				INFOPLIST_FILE = 8.1.deferred_shading/Info.plist;
				LD_RUNPATH_SEARCH_PATHS = "$(inherited) @executable_path/../Frameworks";
				PRODUCT_BUNDLE_IDENTIFIER = "com.tolik.home.--1-deferred-shading";
				PRODUCT_NAME = "$(TARGET_NAME)";
			};
			name = Debug;
		};
		1F8C7804202ACD790024D075 /* Release */ = {
			isa = XCBuildConfiguration;
			buildSettings = {
				ASSETCATALOG_COMPILER_APPICON_NAME = AppIcon;
				COMBINE_HIDPI_IMAGES = YES;
				INFOPLIST_FILE = 8.1.deferred_shading/Info.plist;
				LD_RUNPATH_SEARCH_PATHS = "$(inherited) @executable_path/../Frameworks";
				PRODUCT_BUNDLE_IDENTIFIER = "com.tolik.home.--1-deferred-shading";
				PRODUCT_NAME = "$(TARGET_NAME)";
			};
			name = Release;
		};
/* End XCBuildConfiguration section */

/* Begin XCConfigurationList section */
		1F8C77E9202ACD790024D075 /* Build configuration list for PBXProject "8.1.deferred_shading" */ = {
			isa = XCConfigurationList;
			buildConfigurations = (
				1F8C7800202ACD790024D075 /* Debug */,
				1F8C7801202ACD790024D075 /* Release */,
			);
			defaultConfigurationIsVisible = 0;
			defaultConfigurationName = Release;
		};
		1F8C7802202ACD790024D075 /* Build configuration list for PBXNativeTarget "8.1.deferred_shading" */ = {
			isa = XCConfigurationList;
			buildConfigurations = (
				1F8C7803202ACD790024D075 /* Debug */,
				1F8C7804202ACD790024D075 /* Release */,
			);
			defaultConfigurationIsVisible = 0;
		};
/* End XCConfigurationList section */
	};
	rootObject = 1F8C77E6202ACD790024D075 /* Project object */;
}
