// !$*UTF8*$!
{
	archiveVersion = 1;
	classes = {
	};
	objectVersion = 46;
	objects = {

/* Begin PBXBuildFile section */
		1FDA353F1F8353DB00EF0A7C /* bricks2.jpg in Resources */ = {isa = PBXBuildFile; fileRef = 1FDA353E1F8353DB00EF0A7C /* bricks2.jpg */; };
		1FDA35411F8353F500EF0A7C /* grass.png in Resources */ = {isa = PBXBuildFile; fileRef = 1FDA35401F8353F500EF0A7C /* grass.png */; };
		1FEC57001F83507000BAF25A /* AppDelegate.m in Sources */ = {isa = PBXBuildFile; fileRef = 1FEC56FF1F83507000BAF25A /* AppDelegate.m */; };
		1FEC57031F83507000BAF25A /* main.m in Sources */ = {isa = PBXBuildFile; fileRef = 1FEC57021F83507000BAF25A /* main.m */; };
		1FEC57061F83507000BAF25A /* ViewController.m in Sources */ = {isa = PBXBuildFile; fileRef = 1FEC57051F83507000BAF25A /* ViewController.m */; };
		1FEC57081F83507000BAF25A /* Assets.xcassets in Resources */ = {isa = PBXBuildFile; fileRef = 1FEC57071F83507000BAF25A /* Assets.xcassets */; };
		1FEC570B1F83507100BAF25A /* Main.storyboard in Resources */ = {isa = PBXBuildFile; fileRef = 1FEC57091F83507100BAF25A /* Main.storyboard */; };
		1FEC57141F83508800BAF25A /* OpenGL.framework in Frameworks */ = {isa = PBXBuildFile; fileRef = 1FEC57131F83508800BAF25A /* OpenGL.framework */; };
/* End PBXBuildFile section */

/* Begin PBXFileReference section */
		1FDA353E1F8353DB00EF0A7C /* bricks2.jpg */ = {isa = PBXFileReference; lastKnownFileType = image.jpeg; name = bricks2.jpg; path = ../../../crossplatform/LearnOpenGL/resources/textures/bricks2.jpg; sourceTree = "<group>"; };
		1FDA35401F8353F500EF0A7C /* grass.png */ = {isa = PBXFileReference; lastKnownFileType = image.png; name = grass.png; path = ../../../crossplatform/LearnOpenGL/resources/textures/grass.png; sourceTree = "<group>"; };
		1FEC56FB1F83507000BAF25A /* OpenGL_MixToTextures.app */ = {isa = PBXFileReference; explicitFileType = wrapper.application; includeInIndex = 0; path = OpenGL_MixToTextures.app; sourceTree = BUILT_PRODUCTS_DIR; };
		1FEC56FE1F83507000BAF25A /* AppDelegate.h */ = {isa = PBXFileReference; lastKnownFileType = sourcecode.c.h; path = AppDelegate.h; sourceTree = "<group>"; };
		1FEC56FF1F83507000BAF25A /* AppDelegate.m */ = {isa = PBXFileReference; lastKnownFileType = sourcecode.c.objc; path = AppDelegate.m; sourceTree = "<group>"; };
		1FEC57021F83507000BAF25A /* main.m */ = {isa = PBXFileReference; lastKnownFileType = sourcecode.c.objc; path = main.m; sourceTree = "<group>"; };
		1FEC57041F83507000BAF25A /* ViewController.h */ = {isa = PBXFileReference; lastKnownFileType = sourcecode.c.h; path = ViewController.h; sourceTree = "<group>"; };
		1FEC57051F83507000BAF25A /* ViewController.m */ = {isa = PBXFileReference; lastKnownFileType = sourcecode.c.objc; path = ViewController.m; sourceTree = "<group>"; };
		1FEC57071F83507000BAF25A /* Assets.xcassets */ = {isa = PBXFileReference; lastKnownFileType = folder.assetcatalog; path = Assets.xcassets; sourceTree = "<group>"; };
		1FEC570A1F83507100BAF25A /* Base */ = {isa = PBXFileReference; lastKnownFileType = file.storyboard; name = Base; path = Base.lproj/Main.storyboard; sourceTree = "<group>"; };
		1FEC570C1F83507100BAF25A /* Info.plist */ = {isa = PBXFileReference; lastKnownFileType = text.plist.xml; path = Info.plist; sourceTree = "<group>"; };
		1FEC57131F83508800BAF25A /* OpenGL.framework */ = {isa = PBXFileReference; lastKnownFileType = wrapper.framework; name = OpenGL.framework; path = System/Library/Frameworks/OpenGL.framework; sourceTree = SDKROOT; };
/* End PBXFileReference section */

/* Begin PBXFrameworksBuildPhase section */
		1FEC56F81F83507000BAF25A /* Frameworks */ = {
			isa = PBXFrameworksBuildPhase;
			buildActionMask = 2147483647;
			files = (
				1FEC57141F83508800BAF25A /* OpenGL.framework in Frameworks */,
			);
			runOnlyForDeploymentPostprocessing = 0;
		};
/* End PBXFrameworksBuildPhase section */

/* Begin PBXGroup section */
		1FEC56F21F83507000BAF25A = {
			isa = PBXGroup;
			children = (
				1FEC56FD1F83507000BAF25A /* OpenGL_MixToTextures */,
				1FEC56FC1F83507000BAF25A /* Products */,
				1FEC57121F83508800BAF25A /* Frameworks */,
			);
			sourceTree = "<group>";
		};
		1FEC56FC1F83507000BAF25A /* Products */ = {
			isa = PBXGroup;
			children = (
				1FEC56FB1F83507000BAF25A /* OpenGL_MixToTextures.app */,
			);
			name = Products;
			sourceTree = "<group>";
		};
		1FEC56FD1F83507000BAF25A /* OpenGL_MixToTextures */ = {
			isa = PBXGroup;
			children = (
				1FDA353E1F8353DB00EF0A7C /* bricks2.jpg */,
				1FDA35401F8353F500EF0A7C /* grass.png */,
				1FEC56FE1F83507000BAF25A /* AppDelegate.h */,
				1FEC56FF1F83507000BAF25A /* AppDelegate.m */,
				1FEC57041F83507000BAF25A /* ViewController.h */,
				1FEC57051F83507000BAF25A /* ViewController.m */,
				1FEC57071F83507000BAF25A /* Assets.xcassets */,
				1FEC57091F83507100BAF25A /* Main.storyboard */,
				1FEC570C1F83507100BAF25A /* Info.plist */,
				1FEC57011F83507000BAF25A /* Supporting Files */,
			);
			path = OpenGL_MixToTextures;
			sourceTree = "<group>";
		};
		1FEC57011F83507000BAF25A /* Supporting Files */ = {
			isa = PBXGroup;
			children = (
				1FEC57021F83507000BAF25A /* main.m */,
			);
			name = "Supporting Files";
			sourceTree = "<group>";
		};
		1FEC57121F83508800BAF25A /* Frameworks */ = {
			isa = PBXGroup;
			children = (
				1FEC57131F83508800BAF25A /* OpenGL.framework */,
			);
			name = Frameworks;
			sourceTree = "<group>";
		};
/* End PBXGroup section */

/* Begin PBXNativeTarget section */
		1FEC56FA1F83507000BAF25A /* OpenGL_MixToTextures */ = {
			isa = PBXNativeTarget;
			buildConfigurationList = 1FEC570F1F83507100BAF25A /* Build configuration list for PBXNativeTarget "OpenGL_MixToTextures" */;
			buildPhases = (
				1FEC56F71F83507000BAF25A /* Sources */,
				1FEC56F81F83507000BAF25A /* Frameworks */,
				1FEC56F91F83507000BAF25A /* Resources */,
			);
			buildRules = (
			);
			dependencies = (
			);
			name = OpenGL_MixToTextures;
			productName = OpenGL_MixToTextures;
			productReference = 1FEC56FB1F83507000BAF25A /* OpenGL_MixToTextures.app */;
			productType = "com.apple.product-type.application";
		};
/* End PBXNativeTarget section */

/* Begin PBXProject section */
		1FEC56F31F83507000BAF25A /* Project object */ = {
			isa = PBXProject;
			attributes = {
				LastUpgradeCheck = 0830;
				ORGANIZATIONNAME = tolik7071;
				TargetAttributes = {
					1FEC56FA1F83507000BAF25A = {
						CreatedOnToolsVersion = 8.3.3;
						ProvisioningStyle = Automatic;
					};
				};
			};
			buildConfigurationList = 1FEC56F61F83507000BAF25A /* Build configuration list for PBXProject "OpenGL_MixToTextures" */;
			compatibilityVersion = "Xcode 3.2";
			developmentRegion = English;
			hasScannedForEncodings = 0;
			knownRegions = (
				en,
				Base,
			);
			mainGroup = 1FEC56F21F83507000BAF25A;
			productRefGroup = 1FEC56FC1F83507000BAF25A /* Products */;
			projectDirPath = "";
			projectRoot = "";
			targets = (
				1FEC56FA1F83507000BAF25A /* OpenGL_MixToTextures */,
			);
		};
/* End PBXProject section */

/* Begin PBXResourcesBuildPhase section */
		1FEC56F91F83507000BAF25A /* Resources */ = {
			isa = PBXResourcesBuildPhase;
			buildActionMask = 2147483647;
			files = (
				1FDA35411F8353F500EF0A7C /* grass.png in Resources */,
				1FEC57081F83507000BAF25A /* Assets.xcassets in Resources */,
				1FEC570B1F83507100BAF25A /* Main.storyboard in Resources */,
				1FDA353F1F8353DB00EF0A7C /* bricks2.jpg in Resources */,
			);
			runOnlyForDeploymentPostprocessing = 0;
		};
/* End PBXResourcesBuildPhase section */

/* Begin PBXSourcesBuildPhase section */
		1FEC56F71F83507000BAF25A /* Sources */ = {
			isa = PBXSourcesBuildPhase;
			buildActionMask = 2147483647;
			files = (
				1FEC57061F83507000BAF25A /* ViewController.m in Sources */,
				1FEC57031F83507000BAF25A /* main.m in Sources */,
				1FEC57001F83507000BAF25A /* AppDelegate.m in Sources */,
			);
			runOnlyForDeploymentPostprocessing = 0;
		};
/* End PBXSourcesBuildPhase section */

/* Begin PBXVariantGroup section */
		1FEC57091F83507100BAF25A /* Main.storyboard */ = {
			isa = PBXVariantGroup;
			children = (
				1FEC570A1F83507100BAF25A /* Base */,
			);
			name = Main.storyboard;
			sourceTree = "<group>";
		};
/* End PBXVariantGroup section */

/* Begin XCBuildConfiguration section */
		1FEC570D1F83507100BAF25A /* Debug */ = {
			isa = XCBuildConfiguration;
			buildSettings = {
				ALWAYS_SEARCH_USER_PATHS = NO;
				CLANG_ANALYZER_NONNULL = YES;
				CLANG_ANALYZER_NUMBER_OBJECT_CONVERSION = YES_AGGRESSIVE;
				CLANG_CXX_LANGUAGE_STANDARD = "gnu++0x";
				CLANG_CXX_LIBRARY = "libc++";
				CLANG_ENABLE_MODULES = YES;
				CLANG_ENABLE_OBJC_ARC = YES;
				CLANG_WARN_BOOL_CONVERSION = YES;
				CLANG_WARN_CONSTANT_CONVERSION = YES;
				CLANG_WARN_DIRECT_OBJC_ISA_USAGE = YES_ERROR;
				CLANG_WARN_DOCUMENTATION_COMMENTS = YES;
				CLANG_WARN_EMPTY_BODY = YES;
				CLANG_WARN_ENUM_CONVERSION = YES;
				CLANG_WARN_INFINITE_RECURSION = YES;
				CLANG_WARN_INT_CONVERSION = YES;
				CLANG_WARN_OBJC_ROOT_CLASS = YES_ERROR;
				CLANG_WARN_SUSPICIOUS_MOVE = YES;
				CLANG_WARN_UNREACHABLE_CODE = YES;
				CLANG_WARN__DUPLICATE_METHOD_MATCH = YES;
				CODE_SIGN_IDENTITY = "-";
				COPY_PHASE_STRIP = NO;
				DEBUG_INFORMATION_FORMAT = dwarf;
				ENABLE_STRICT_OBJC_MSGSEND = YES;
				ENABLE_TESTABILITY = YES;
				GCC_C_LANGUAGE_STANDARD = gnu99;
				GCC_DYNAMIC_NO_PIC = NO;
				GCC_NO_COMMON_BLOCKS = YES;
				GCC_OPTIMIZATION_LEVEL = 0;
				GCC_PREPROCESSOR_DEFINITIONS = (
					"DEBUG=1",
					"$(inherited)",
				);
				GCC_WARN_64_TO_32_BIT_CONVERSION = YES;
				GCC_WARN_ABOUT_RETURN_TYPE = YES_ERROR;
				GCC_WARN_UNDECLARED_SELECTOR = YES;
				GCC_WARN_UNINITIALIZED_AUTOS = YES_AGGRESSIVE;
				GCC_WARN_UNUSED_FUNCTION = YES;
				GCC_WARN_UNUSED_VARIABLE = YES;
				MACOSX_DEPLOYMENT_TARGET = 10.12;
				MTL_ENABLE_DEBUG_INFO = YES;
				ONLY_ACTIVE_ARCH = YES;
				SDKROOT = macosx;
			};
			name = Debug;
		};
		1FEC570E1F83507100BAF25A /* Release */ = {
			isa = XCBuildConfiguration;
			buildSettings = {
				ALWAYS_SEARCH_USER_PATHS = NO;
				CLANG_ANALYZER_NONNULL = YES;
				CLANG_ANALYZER_NUMBER_OBJECT_CONVERSION = YES_AGGRESSIVE;
				CLANG_CXX_LANGUAGE_STANDARD = "gnu++0x";
				CLANG_CXX_LIBRARY = "libc++";
				CLANG_ENABLE_MODULES = YES;
				CLANG_ENABLE_OBJC_ARC = YES;
				CLANG_WARN_BOOL_CONVERSION = YES;
				CLANG_WARN_CONSTANT_CONVERSION = YES;
				CLANG_WARN_DIRECT_OBJC_ISA_USAGE = YES_ERROR;
				CLANG_WARN_DOCUMENTATION_COMMENTS = YES;
				CLANG_WARN_EMPTY_BODY = YES;
				CLANG_WARN_ENUM_CONVERSION = YES;
				CLANG_WARN_INFINITE_RECURSION = YES;
				CLANG_WARN_INT_CONVERSION = YES;
				CLANG_WARN_OBJC_ROOT_CLASS = YES_ERROR;
				CLANG_WARN_SUSPICIOUS_MOVE = YES;
				CLANG_WARN_UNREACHABLE_CODE = YES;
				CLANG_WARN__DUPLICATE_METHOD_MATCH = YES;
				CODE_SIGN_IDENTITY = "-";
				COPY_PHASE_STRIP = NO;
				DEBUG_INFORMATION_FORMAT = "dwarf-with-dsym";
				ENABLE_NS_ASSERTIONS = NO;
				ENABLE_STRICT_OBJC_MSGSEND = YES;
				GCC_C_LANGUAGE_STANDARD = gnu99;
				GCC_NO_COMMON_BLOCKS = YES;
				GCC_WARN_64_TO_32_BIT_CONVERSION = YES;
				GCC_WARN_ABOUT_RETURN_TYPE = YES_ERROR;
				GCC_WARN_UNDECLARED_SELECTOR = YES;
				GCC_WARN_UNINITIALIZED_AUTOS = YES_AGGRESSIVE;
				GCC_WARN_UNUSED_FUNCTION = YES;
				GCC_WARN_UNUSED_VARIABLE = YES;
				MACOSX_DEPLOYMENT_TARGET = 10.12;
				MTL_ENABLE_DEBUG_INFO = NO;
				SDKROOT = macosx;
			};
			name = Release;
		};
		1FEC57101F83507100BAF25A /* Debug */ = {
			isa = XCBuildConfiguration;
			buildSettings = {
				ASSETCATALOG_COMPILER_APPICON_NAME = AppIcon;
				COMBINE_HIDPI_IMAGES = YES;
				INFOPLIST_FILE = OpenGL_MixToTextures/Info.plist;
				LD_RUNPATH_SEARCH_PATHS = "$(inherited) @executable_path/../Frameworks";
				PRODUCT_BUNDLE_IDENTIFIER = "com.tolik.home.OpenGL-MixToTextures";
				PRODUCT_NAME = "$(TARGET_NAME)";
			};
			name = Debug;
		};
		1FEC57111F83507100BAF25A /* Release */ = {
			isa = XCBuildConfiguration;
			buildSettings = {
				ASSETCATALOG_COMPILER_APPICON_NAME = AppIcon;
				COMBINE_HIDPI_IMAGES = YES;
				INFOPLIST_FILE = OpenGL_MixToTextures/Info.plist;
				LD_RUNPATH_SEARCH_PATHS = "$(inherited) @executable_path/../Frameworks";
				PRODUCT_BUNDLE_IDENTIFIER = "com.tolik.home.OpenGL-MixToTextures";
				PRODUCT_NAME = "$(TARGET_NAME)";
			};
			name = Release;
		};
/* End XCBuildConfiguration section */

/* Begin XCConfigurationList section */
		1FEC56F61F83507000BAF25A /* Build configuration list for PBXProject "OpenGL_MixToTextures" */ = {
			isa = XCConfigurationList;
			buildConfigurations = (
				1FEC570D1F83507100BAF25A /* Debug */,
				1FEC570E1F83507100BAF25A /* Release */,
			);
			defaultConfigurationIsVisible = 0;
			defaultConfigurationName = Release;
		};
		1FEC570F1F83507100BAF25A /* Build configuration list for PBXNativeTarget "OpenGL_MixToTextures" */ = {
			isa = XCConfigurationList;
			buildConfigurations = (
				1FEC57101F83507100BAF25A /* Debug */,
				1FEC57111F83507100BAF25A /* Release */,
			);
			defaultConfigurationIsVisible = 0;
			defaultConfigurationName = Release;
		};
/* End XCConfigurationList section */
	};
	rootObject = 1FEC56F31F83507000BAF25A /* Project object */;
}
